
Microsoft Visual Studio Solution File, Format Version 12.00
# Visual Studio 14
VisualStudioVersion = 14.0.25420.1
MinimumVisualStudioVersion = 10.0.40219.1
Project("{8BC9CEB8-8B4A-11D0-8D11-00A0C91BC942}") = "DeferMySponza", "DeferMySponza\DeferMySponza.vcxproj", "{D566A96F-AAB8-4703-BC82-E64C53F3A16C}"
	ProjectSection(ProjectDependencies) = postProject
		{95BB7187-0E5A-444E-98C2-E765E5B75C70} = {95BB7187-0E5A-444E-98C2-E765E5B75C70}
		{CCB1DCF5-E23B-40C9-AA76-E59BDEB1F5E5} = {CCB1DCF5-E23B-40C9-AA76-E59BDEB1F5E5}
	EndProjectSection
EndProject
Project("{8BC9CEB8-8B4A-11D0-8D11-00A0C91BC942}") = "tgl", "tgl\tgl.vcxproj", "{7156367D-5490-4133-8788-6CAEA746AD48}"
EndProject
Project("{8BC9CEB8-8B4A-11D0-8D11-00A0C91BC942}") = "tygra", "tygra\tygra.vcxproj", "{95BB7187-0E5A-444E-98C2-E765E5B75C70}"
	ProjectSection(ProjectDependencies) = postProject
		{7156367D-5490-4133-8788-6CAEA746AD48} = {7156367D-5490-4133-8788-6CAEA746AD48}
	EndProjectSection
EndProject
Project("{8BC9CEB8-8B4A-11D0-8D11-00A0C91BC942}") = "scene", "scene\scene.vcxproj", "{CCB1DCF5-E23B-40C9-AA76-E59BDEB1F5E5}"
EndProject
Global
	GlobalSection(SolutionConfigurationPlatforms) = preSolution
		Debug NVTX|x64 = Debug NVTX|x64
		Debug NVTX|x86 = Debug NVTX|x86
		Debug|x64 = Debug|x64
		Debug|x86 = Debug|x86
		Release NVTX|x64 = Release NVTX|x64
		Release NVTX|x86 = Release NVTX|x86
		Release|x64 = Release|x64
		Release|x86 = Release|x86
	EndGlobalSection
	GlobalSection(ProjectConfigurationPlatforms) = postSolution
		{D566A96F-AAB8-4703-BC82-E64C53F3A16C}.Debug NVTX|x64.ActiveCfg = Debug NVTX|x64
		{D566A96F-AAB8-4703-BC82-E64C53F3A16C}.Debug NVTX|x64.Build.0 = Debug NVTX|x64
		{D566A96F-AAB8-4703-BC82-E64C53F3A16C}.Debug NVTX|x86.ActiveCfg = Debug NVTX|Win32
		{D566A96F-AAB8-4703-BC82-E64C53F3A16C}.Debug NVTX|x86.Build.0 = Debug NVTX|Win32
		{D566A96F-AAB8-4703-BC82-E64C53F3A16C}.Debug|x64.ActiveCfg = Debug|x64
		{D566A96F-AAB8-4703-BC82-E64C53F3A16C}.Debug|x64.Build.0 = Debug|x64
		{D566A96F-AAB8-4703-BC82-E64C53F3A16C}.Debug|x86.ActiveCfg = Debug|Win32
		{D566A96F-AAB8-4703-BC82-E64C53F3A16C}.Debug|x86.Build.0 = Debug|Win32
		{D566A96F-AAB8-4703-BC82-E64C53F3A16C}.Release NVTX|x64.ActiveCfg = Release NVTX|x64
		{D566A96F-AAB8-4703-BC82-E64C53F3A16C}.Release NVTX|x64.Build.0 = Release NVTX|x64
		{D566A96F-AAB8-4703-BC82-E64C53F3A16C}.Release NVTX|x86.ActiveCfg = Release NVTX|Win32
		{D566A96F-AAB8-4703-BC82-E64C53F3A16C}.Release NVTX|x86.Build.0 = Release NVTX|Win32
		{D566A96F-AAB8-4703-BC82-E64C53F3A16C}.Release|x64.ActiveCfg = Release|x64
		{D566A96F-AAB8-4703-BC82-E64C53F3A16C}.Release|x64.Build.0 = Release|x64
		{D566A96F-AAB8-4703-BC82-E64C53F3A16C}.Release|x86.ActiveCfg = Release|Win32
		{D566A96F-AAB8-4703-BC82-E64C53F3A16C}.Release|x86.Build.0 = Release|Win32
		{7156367D-5490-4133-8788-6CAEA746AD48}.Debug NVTX|x64.ActiveCfg = Debug|x64
		{7156367D-5490-4133-8788-6CAEA746AD48}.Debug NVTX|x64.Build.0 = Debug|x64
		{7156367D-5490-4133-8788-6CAEA746AD48}.Debug NVTX|x86.ActiveCfg = Debug|Win32
		{7156367D-5490-4133-8788-6CAEA746AD48}.Debug NVTX|x86.Build.0 = Debug|Win32
		{7156367D-5490-4133-8788-6CAEA746AD48}.Debug|x64.ActiveCfg = Debug|x64
		{7156367D-5490-4133-8788-6CAEA746AD48}.Debug|x64.Build.0 = Debug|x64
		{7156367D-5490-4133-8788-6CAEA746AD48}.Debug|x86.ActiveCfg = Debug|Win32
		{7156367D-5490-4133-8788-6CAEA746AD48}.Debug|x86.Build.0 = Debug|Win32
		{7156367D-5490-4133-8788-6CAEA746AD48}.Release NVTX|x64.ActiveCfg = Release|x64
		{7156367D-5490-4133-8788-6CAEA746AD48}.Release NVTX|x64.Build.0 = Release|x64
		{7156367D-5490-4133-8788-6CAEA746AD48}.Release NVTX|x86.ActiveCfg = Release|Win32
		{7156367D-5490-4133-8788-6CAEA746AD48}.Release NVTX|x86.Build.0 = Release|Win32
		{7156367D-5490-4133-8788-6CAEA746AD48}.Release|x64.ActiveCfg = Release|x64
		{7156367D-5490-4133-8788-6CAEA746AD48}.Release|x64.Build.0 = Release|x64
		{7156367D-5490-4133-8788-6CAEA746AD48}.Release|x86.ActiveCfg = Release|Win32
		{7156367D-5490-4133-8788-6CAEA746AD48}.Release|x86.Build.0 = Release|Win32
		{95BB7187-0E5A-444E-98C2-E765E5B75C70}.Debug NVTX|x64.ActiveCfg = Debug|x64
		{95BB7187-0E5A-444E-98C2-E765E5B75C70}.Debug NVTX|x64.Build.0 = Debug|x64
		{95BB7187-0E5A-444E-98C2-E765E5B75C70}.Debug NVTX|x86.ActiveCfg = Debug|Win32
		{95BB7187-0E5A-444E-98C2-E765E5B75C70}.Debug NVTX|x86.Build.0 = Debug|Win32
		{95BB7187-0E5A-444E-98C2-E765E5B75C70}.Debug|x64.ActiveCfg = Debug|x64
		{95BB7187-0E5A-444E-98C2-E765E5B75C70}.Debug|x64.Build.0 = Debug|x64
		{95BB7187-0E5A-444E-98C2-E765E5B75C70}.Debug|x86.ActiveCfg = Debug|Win32
		{95BB7187-0E5A-444E-98C2-E765E5B75C70}.Debug|x86.Build.0 = Debug|Win32
		{95BB7187-0E5A-444E-98C2-E765E5B75C70}.Release NVTX|x64.ActiveCfg = Release|x64
		{95BB7187-0E5A-444E-98C2-E765E5B75C70}.Release NVTX|x64.Build.0 = Release|x64
		{95BB7187-0E5A-444E-98C2-E765E5B75C70}.Release NVTX|x86.ActiveCfg = Release|Win32
		{95BB7187-0E5A-444E-98C2-E765E5B75C70}.Release NVTX|x86.Build.0 = Release|Win32
		{95BB7187-0E5A-444E-98C2-E765E5B75C70}.Release|x64.ActiveCfg = Release|x64
		{95BB7187-0E5A-444E-98C2-E765E5B75C70}.Release|x64.Build.0 = Release|x64
		{95BB7187-0E5A-444E-98C2-E765E5B75C70}.Release|x86.ActiveCfg = Release|Win32
		{95BB7187-0E5A-444E-98C2-E765E5B75C70}.Release|x86.Build.0 = Release|Win32
		{CCB1DCF5-E23B-40C9-AA76-E59BDEB1F5E5}.Debug NVTX|x64.ActiveCfg = Debug|x64
		{CCB1DCF5-E23B-40C9-AA76-E59BDEB1F5E5}.Debug NVTX|x64.Build.0 = Debug|x64
		{CCB1DCF5-E23B-40C9-AA76-E59BDEB1F5E5}.Debug NVTX|x86.ActiveCfg = Debug|Win32
		{CCB1DCF5-E23B-40C9-AA76-E59BDEB1F5E5}.Debug NVTX|x86.Build.0 = Debug|Win32
		{CCB1DCF5-E23B-40C9-AA76-E59BDEB1F5E5}.Debug|x64.ActiveCfg = Debug|x64
		{CCB1DCF5-E23B-40C9-AA76-E59BDEB1F5E5}.Debug|x64.Build.0 = Debug|x64
		{CCB1DCF5-E23B-40C9-AA76-E59BDEB1F5E5}.Debug|x86.ActiveCfg = Debug|Win32
		{CCB1DCF5-E23B-40C9-AA76-E59BDEB1F5E5}.Debug|x86.Build.0 = Debug|Win32
		{CCB1DCF5-E23B-40C9-AA76-E59BDEB1F5E5}.Release NVTX|x64.ActiveCfg = Release|x64
		{CCB1DCF5-E23B-40C9-AA76-E59BDEB1F5E5}.Release NVTX|x64.Build.0 = Release|x64
		{CCB1DCF5-E23B-40C9-AA76-E59BDEB1F5E5}.Release NVTX|x86.ActiveCfg = Release|Win32
		{CCB1DCF5-E23B-40C9-AA76-E59BDEB1F5E5}.Release NVTX|x86.Build.0 = Release|Win32
		{CCB1DCF5-E23B-40C9-AA76-E59BDEB1F5E5}.Release|x64.ActiveCfg = Release|x64
		{CCB1DCF5-E23B-40C9-AA76-E59BDEB1F5E5}.Release|x64.Build.0 = Release|x64
		{CCB1DCF5-E23B-40C9-AA76-E59BDEB1F5E5}.Release|x86.ActiveCfg = Release|Win32
		{CCB1DCF5-E23B-40C9-AA76-E59BDEB1F5E5}.Release|x86.Build.0 = Release|Win32
	EndGlobalSection
	GlobalSection(SolutionProperties) = preSolution
		HideSolutionNode = FALSE
	EndGlobalSection
EndGlobal
